
Microsoft Visual Studio Solution File, Format Version 12.00
# Visual Studio Version 16
VisualStudioVersion = 16.0.31424.327
MinimumVisualStudioVersion = 10.0.40219.1
Project("{9A19103F-16F7-4668-BE54-9A1E7A4F7556}") = "WebProducer", "WebProducer.csproj", "{FD4F211D-0061-4506-8AE1-4235AC2ACAA7}"
EndProject
Global
	GlobalSection(SolutionConfigurationPlatforms) = preSolution
		Debug|Any CPU = Debug|Any CPU
		Release|Any CPU = Release|Any CPU
	EndGlobalSection
	GlobalSection(ProjectConfigurationPlatforms) = postSolution
		{FD4F211D-0061-4506-8AE1-4235AC2ACAA7}.Debug|Any CPU.ActiveCfg = Debug|Any CPU
		{FD4F211D-0061-4506-8AE1-4235AC2ACAA7}.Debug|Any CPU.Build.0 = Debug|Any CPU
		{FD4F211D-0061-4506-8AE1-4235AC2ACAA7}.Release|Any CPU.ActiveCfg = Release|Any CPU
		{FD4F211D-0061-4506-8AE1-4235AC2ACAA7}.Release|Any CPU.Build.0 = Release|Any CPU
	EndGlobalSection
	GlobalSection(SolutionProperties) = preSolution
		HideSolutionNode = FALSE
	EndGlobalSection
	GlobalSection(ExtensibilityGlobals) = postSolution
		SolutionGuid = {762BB498-05DF-4079-BEDF-F4F19DDEEA9E}
	EndGlobalSection
EndGlobal
